
Microsoft Visual Studio Solution File, Format Version 12.00
# Visual Studio Version 16
VisualStudioVersion = 16.0.32126.315
MinimumVisualStudioVersion = 10.0.40219.1
Project("{FAE04EC0-301F-11D3-BF4B-00C04F79EFBC}") = "TP-Mod2", "TP-Mod2\TP-Mod2.csproj", "{2CD3BE72-4A41-4C08-8BEF-681C5D6BD721}"
EndProject
Global
	GlobalSection(SolutionConfigurationPlatforms) = preSolution
		Debug|Any CPU = Debug|Any CPU
		Release|Any CPU = Release|Any CPU
	EndGlobalSection
	GlobalSection(ProjectConfigurationPlatforms) = postSolution
		{2CD3BE72-4A41-4C08-8BEF-681C5D6BD721}.Debug|Any CPU.ActiveCfg = Debug|Any CPU
		{2CD3BE72-4A41-4C08-8BEF-681C5D6BD721}.Debug|Any CPU.Build.0 = Debug|Any CPU
		{2CD3BE72-4A41-4C08-8BEF-681C5D6BD721}.Release|Any CPU.ActiveCfg = Release|Any CPU
		{2CD3BE72-4A41-4C08-8BEF-681C5D6BD721}.Release|Any CPU.Build.0 = Release|Any CPU
	EndGlobalSection
	GlobalSection(SolutionProperties) = preSolution
		HideSolutionNode = FALSE
	EndGlobalSection
	GlobalSection(ExtensibilityGlobals) = postSolution
		SolutionGuid = {97DC0A53-FF1B-4CB6-A1A3-2C8947E5BA62}
	EndGlobalSection
EndGlobal
